
Microsoft Visual Studio Solution File, Format Version 12.00
# Visual Studio Version 17
VisualStudioVersion = 17.0.32112.339
MinimumVisualStudioVersion = 10.0.40219.1
Project("{9A19103F-16F7-4668-BE54-9A1E7A4F7556}") = "AjaxDemo", "AjaxDemo\AjaxDemo.csproj", "{CB50138A-B72D-48C8-8890-9621F7A71FC0}"
EndProject
Project("{9A19103F-16F7-4668-BE54-9A1E7A4F7556}") = "PoolingDemo", "PoolingDemo\PoolingDemo.csproj", "{2B8A4623-59A2-4C7B-9CA0-497E15F967BF}"
EndProject
Project("{FAE04EC0-301F-11D3-BF4B-00C04F79EFBC}") = "LongPollingDemo", "LongPollingDemo\LongPollingDemo.csproj", "{6D0C182C-5320-4869-BF39-062DEFBBB49D}"
EndProject
Global
	GlobalSection(SolutionConfigurationPlatforms) = preSolution
		Debug|Any CPU = Debug|Any CPU
		Release|Any CPU = Release|Any CPU
	EndGlobalSection
	GlobalSection(ProjectConfigurationPlatforms) = postSolution
		{CB50138A-B72D-48C8-8890-9621F7A71FC0}.Debug|Any CPU.ActiveCfg = Debug|Any CPU
		{CB50138A-B72D-48C8-8890-9621F7A71FC0}.Debug|Any CPU.Build.0 = Debug|Any CPU
		{CB50138A-B72D-48C8-8890-9621F7A71FC0}.Release|Any CPU.ActiveCfg = Release|Any CPU
		{CB50138A-B72D-48C8-8890-9621F7A71FC0}.Release|Any CPU.Build.0 = Release|Any CPU
		{2B8A4623-59A2-4C7B-9CA0-497E15F967BF}.Debug|Any CPU.ActiveCfg = Debug|Any CPU
		{2B8A4623-59A2-4C7B-9CA0-497E15F967BF}.Debug|Any CPU.Build.0 = Debug|Any CPU
		{2B8A4623-59A2-4C7B-9CA0-497E15F967BF}.Release|Any CPU.ActiveCfg = Release|Any CPU
		{2B8A4623-59A2-4C7B-9CA0-497E15F967BF}.Release|Any CPU.Build.0 = Release|Any CPU
		{6D0C182C-5320-4869-BF39-062DEFBBB49D}.Debug|Any CPU.ActiveCfg = Debug|Any CPU
		{6D0C182C-5320-4869-BF39-062DEFBBB49D}.Debug|Any CPU.Build.0 = Debug|Any CPU
		{6D0C182C-5320-4869-BF39-062DEFBBB49D}.Release|Any CPU.ActiveCfg = Release|Any CPU
		{6D0C182C-5320-4869-BF39-062DEFBBB49D}.Release|Any CPU.Build.0 = Release|Any CPU
	EndGlobalSection
	GlobalSection(SolutionProperties) = preSolution
		HideSolutionNode = FALSE
	EndGlobalSection
	GlobalSection(ExtensibilityGlobals) = postSolution
		SolutionGuid = {632E09D3-F5CA-47D2-B336-2132E65D188E}
	EndGlobalSection
EndGlobal
